
Microsoft Visual Studio Solution File, Format Version 11.00
# Visual Studio 2010
Project("{FAE04EC0-301F-11D3-BF4B-00C04F79EFBC}") = "ZeroG.Lang", "ZeroG.Lang.csproj", "{71CEB166-19BE-45E2-9A38-8342DB8C85BE}"
EndProject
Global
	GlobalSection(SolutionConfigurationPlatforms) = preSolution
		Debug|Any CPU = Debug|Any CPU
		Release|Any CPU = Release|Any CPU
	EndGlobalSection
	GlobalSection(ProjectConfigurationPlatforms) = postSolution
		{71CEB166-19BE-45E2-9A38-8342DB8C85BE}.Debug|Any CPU.ActiveCfg = Debug|Any CPU
		{71CEB166-19BE-45E2-9A38-8342DB8C85BE}.Debug|Any CPU.Build.0 = Debug|Any CPU
		{71CEB166-19BE-45E2-9A38-8342DB8C85BE}.Release|Any CPU.ActiveCfg = Release|Any CPU
		{71CEB166-19BE-45E2-9A38-8342DB8C85BE}.Release|Any CPU.Build.0 = Release|Any CPU
	EndGlobalSection
	GlobalSection(SolutionProperties) = preSolution
		HideSolutionNode = FALSE
	EndGlobalSection
EndGlobal
