
Microsoft Visual Studio Solution File, Format Version 12.00
# Visual Studio 15
VisualStudioVersion = 15.0.26730.16
MinimumVisualStudioVersion = 10.0.40219.1
Project("{FAE04EC0-301F-11D3-BF4B-00C04F79EFBC}") = "ZeroG.Data", "ZeroG.Data.csproj", "{DB190F97-AB50-4659-BC56-377457EFDFCE}"
EndProject
Project("{FAE04EC0-301F-11D3-BF4B-00C04F79EFBC}") = "ZeroG.Database.MySQL", "..\ZeroG.Database.MySQL\ZeroG.Database.MySQL.csproj", "{FF8B8052-6109-4CE7-8DE1-92FB0F752349}"
EndProject
Project("{FAE04EC0-301F-11D3-BF4B-00C04F79EFBC}") = "ZeroG.Database.SQLServer", "..\ZeroG.Database.SQLServer\ZeroG.Database.SQLServer.csproj", "{8F055E63-1417-4D8E-B7ED-B3B63D630784}"
EndProject
Project("{FAE04EC0-301F-11D3-BF4B-00C04F79EFBC}") = "ZeroG.Lang", "..\ZeroG.Lang\ZeroG.Lang.csproj", "{71CEB166-19BE-45E2-9A38-8342DB8C85BE}"
EndProject
Project("{FAE04EC0-301F-11D3-BF4B-00C04F79EFBC}") = "ZeroG.Tests", "..\ZeroG.Tests\ZeroG.Tests.csproj", "{20942997-39D7-4DB6-A9E4-5CE64D8A5A55}"
EndProject
Project("{FAE04EC0-301F-11D3-BF4B-00C04F79EFBC}") = "ZeroG.DataClient", "..\ZeroG.DataClient\ZeroG.DataClient.csproj", "{5258843A-203B-4B6F-9958-4CBB795D5496}"
EndProject
Project("{FAE04EC0-301F-11D3-BF4B-00C04F79EFBC}") = "ZeroG.Database.SQLite", "..\ZeroG.Database.SQLite\ZeroG.Database.SQLite.csproj", "{04136797-1DCC-48C0-AE7A-FB9F1C791332}"
EndProject
Project("{FAE04EC0-301F-11D3-BF4B-00C04F79EFBC}") = "ZeroG.Data.Shared", "..\ZeroG.Data.Shared\ZeroG.Data.Shared.csproj", "{DE8E7036-D00D-4C57-B1D2-2FDB60996830}"
EndProject
Project("{FAE04EC0-301F-11D3-BF4B-00C04F79EFBC}") = "ZeroG.Data.API", "ZeroG.Data.API\ZeroG.Data.API.csproj", "{9A23AAA5-7537-464D-B11A-3EF63DEF0709}"
EndProject
Project("{FAE04EC0-301F-11D3-BF4B-00C04F79EFBC}") = "ZeroG.Data.TestConsole", "..\ZeroG.Data.TestConsole\ZeroG.Data.TestConsole.csproj", "{7BDB324E-878B-48C0-A2DF-BDBD61C3955E}"
EndProject
Project("{FAE04EC0-301F-11D3-BF4B-00C04F79EFBC}") = "ZeroG.Data.KeyValueStoreProvider.RazorDB", "..\ZeroG.Data.KeyValueStoreProvider.RazorDB\ZeroG.Data.KeyValueStoreProvider.RazorDB.csproj", "{C73ED332-9298-4DBE-9CEF-7C92A85DFED0}"
EndProject
Global
	GlobalSection(SolutionConfigurationPlatforms) = preSolution
		Debug|Any CPU = Debug|Any CPU
		Release|Any CPU = Release|Any CPU
	EndGlobalSection
	GlobalSection(ProjectConfigurationPlatforms) = postSolution
		{DB190F97-AB50-4659-BC56-377457EFDFCE}.Debug|Any CPU.ActiveCfg = Debug|Any CPU
		{DB190F97-AB50-4659-BC56-377457EFDFCE}.Debug|Any CPU.Build.0 = Debug|Any CPU
		{DB190F97-AB50-4659-BC56-377457EFDFCE}.Release|Any CPU.ActiveCfg = Release|Any CPU
		{DB190F97-AB50-4659-BC56-377457EFDFCE}.Release|Any CPU.Build.0 = Release|Any CPU
		{FF8B8052-6109-4CE7-8DE1-92FB0F752349}.Debug|Any CPU.ActiveCfg = Debug|Any CPU
		{FF8B8052-6109-4CE7-8DE1-92FB0F752349}.Debug|Any CPU.Build.0 = Debug|Any CPU
		{FF8B8052-6109-4CE7-8DE1-92FB0F752349}.Release|Any CPU.ActiveCfg = Release|Any CPU
		{FF8B8052-6109-4CE7-8DE1-92FB0F752349}.Release|Any CPU.Build.0 = Release|Any CPU
		{8F055E63-1417-4D8E-B7ED-B3B63D630784}.Debug|Any CPU.ActiveCfg = Debug|Any CPU
		{8F055E63-1417-4D8E-B7ED-B3B63D630784}.Debug|Any CPU.Build.0 = Debug|Any CPU
		{8F055E63-1417-4D8E-B7ED-B3B63D630784}.Release|Any CPU.ActiveCfg = Release|Any CPU
		{8F055E63-1417-4D8E-B7ED-B3B63D630784}.Release|Any CPU.Build.0 = Release|Any CPU
		{71CEB166-19BE-45E2-9A38-8342DB8C85BE}.Debug|Any CPU.ActiveCfg = Debug|Any CPU
		{71CEB166-19BE-45E2-9A38-8342DB8C85BE}.Debug|Any CPU.Build.0 = Debug|Any CPU
		{71CEB166-19BE-45E2-9A38-8342DB8C85BE}.Release|Any CPU.ActiveCfg = Release|Any CPU
		{71CEB166-19BE-45E2-9A38-8342DB8C85BE}.Release|Any CPU.Build.0 = Release|Any CPU
		{20942997-39D7-4DB6-A9E4-5CE64D8A5A55}.Debug|Any CPU.ActiveCfg = Debug|Any CPU
		{20942997-39D7-4DB6-A9E4-5CE64D8A5A55}.Debug|Any CPU.Build.0 = Debug|Any CPU
		{20942997-39D7-4DB6-A9E4-5CE64D8A5A55}.Release|Any CPU.ActiveCfg = Release|Any CPU
		{20942997-39D7-4DB6-A9E4-5CE64D8A5A55}.Release|Any CPU.Build.0 = Release|Any CPU
		{5258843A-203B-4B6F-9958-4CBB795D5496}.Debug|Any CPU.ActiveCfg = Debug|Any CPU
		{5258843A-203B-4B6F-9958-4CBB795D5496}.Debug|Any CPU.Build.0 = Debug|Any CPU
		{5258843A-203B-4B6F-9958-4CBB795D5496}.Release|Any CPU.ActiveCfg = Release|Any CPU
		{5258843A-203B-4B6F-9958-4CBB795D5496}.Release|Any CPU.Build.0 = Release|Any CPU
		{04136797-1DCC-48C0-AE7A-FB9F1C791332}.Debug|Any CPU.ActiveCfg = Debug|Any CPU
		{04136797-1DCC-48C0-AE7A-FB9F1C791332}.Debug|Any CPU.Build.0 = Debug|Any CPU
		{04136797-1DCC-48C0-AE7A-FB9F1C791332}.Release|Any CPU.ActiveCfg = Release|Any CPU
		{04136797-1DCC-48C0-AE7A-FB9F1C791332}.Release|Any CPU.Build.0 = Release|Any CPU
		{DE8E7036-D00D-4C57-B1D2-2FDB60996830}.Debug|Any CPU.ActiveCfg = Debug|Any CPU
		{DE8E7036-D00D-4C57-B1D2-2FDB60996830}.Debug|Any CPU.Build.0 = Debug|Any CPU
		{DE8E7036-D00D-4C57-B1D2-2FDB60996830}.Release|Any CPU.ActiveCfg = Release|Any CPU
		{DE8E7036-D00D-4C57-B1D2-2FDB60996830}.Release|Any CPU.Build.0 = Release|Any CPU
		{9A23AAA5-7537-464D-B11A-3EF63DEF0709}.Debug|Any CPU.ActiveCfg = Debug|Any CPU
		{9A23AAA5-7537-464D-B11A-3EF63DEF0709}.Debug|Any CPU.Build.0 = Debug|Any CPU
		{9A23AAA5-7537-464D-B11A-3EF63DEF0709}.Release|Any CPU.ActiveCfg = Release|Any CPU
		{9A23AAA5-7537-464D-B11A-3EF63DEF0709}.Release|Any CPU.Build.0 = Release|Any CPU
		{7BDB324E-878B-48C0-A2DF-BDBD61C3955E}.Debug|Any CPU.ActiveCfg = Debug|Any CPU
		{7BDB324E-878B-48C0-A2DF-BDBD61C3955E}.Debug|Any CPU.Build.0 = Debug|Any CPU
		{7BDB324E-878B-48C0-A2DF-BDBD61C3955E}.Release|Any CPU.ActiveCfg = Release|Any CPU
		{7BDB324E-878B-48C0-A2DF-BDBD61C3955E}.Release|Any CPU.Build.0 = Release|Any CPU
		{C73ED332-9298-4DBE-9CEF-7C92A85DFED0}.Debug|Any CPU.ActiveCfg = Debug|Any CPU
		{C73ED332-9298-4DBE-9CEF-7C92A85DFED0}.Debug|Any CPU.Build.0 = Debug|Any CPU
		{C73ED332-9298-4DBE-9CEF-7C92A85DFED0}.Release|Any CPU.ActiveCfg = Release|Any CPU
		{C73ED332-9298-4DBE-9CEF-7C92A85DFED0}.Release|Any CPU.Build.0 = Release|Any CPU
	EndGlobalSection
	GlobalSection(SolutionProperties) = preSolution
		HideSolutionNode = FALSE
	EndGlobalSection
	GlobalSection(ExtensibilityGlobals) = postSolution
		SolutionGuid = {F93E55BE-144F-4142-B0DD-E80E27EAD6D7}
	EndGlobalSection
EndGlobal
